// !$*UTF8*$!
{
	archiveVersion = 1;
	classes = {
	};
	objectVersion = 46;
	objects = {

/* Begin PBXBuildFile section */
		290007C51A08031400192141 /* AppDelegate.swift in Sources */ = {isa = PBXBuildFile; fileRef = 290007C41A08031400192141 /* AppDelegate.swift */; };
		290007C71A08031400192141 /* ViewController.swift in Sources */ = {isa = PBXBuildFile; fileRef = 290007C61A08031400192141 /* ViewController.swift */; };
		290007CA1A08031400192141 /* Main.storyboard in Resources */ = {isa = PBXBuildFile; fileRef = 290007C81A08031400192141 /* Main.storyboard */; };
		290007CC1A08031400192141 /* Images.xcassets in Resources */ = {isa = PBXBuildFile; fileRef = 290007CB1A08031400192141 /* Images.xcassets */; };
		290007CF1A08031400192141 /* LaunchScreen.xib in Resources */ = {isa = PBXBuildFile; fileRef = 290007CD1A08031400192141 /* LaunchScreen.xib */; };
		290007DB1A08031400192141 /* CLLocationSampleTests.swift in Sources */ = {isa = PBXBuildFile; fileRef = 290007DA1A08031400192141 /* CLLocationSampleTests.swift */; };
/* End PBXBuildFile section */

/* Begin PBXContainerItemProxy section */
		290007D51A08031400192141 /* PBXContainerItemProxy */ = {
			isa = PBXContainerItemProxy;
			containerPortal = 290007B71A08031400192141 /* Project object */;
			proxyType = 1;
			remoteGlobalIDString = 290007BE1A08031400192141;
			remoteInfo = CLLocationSample;
		};
/* End PBXContainerItemProxy section */

/* Begin PBXFileReference section */
		290007BF1A08031400192141 /* CLLocationSample.app */ = {isa = PBXFileReference; explicitFileType = wrapper.application; includeInIndex = 0; path = CLLocationSample.app; sourceTree = BUILT_PRODUCTS_DIR; };
		290007C31A08031400192141 /* Info.plist */ = {isa = PBXFileReference; lastKnownFileType = text.plist.xml; path = Info.plist; sourceTree = "<group>"; };
		290007C41A08031400192141 /* AppDelegate.swift */ = {isa = PBXFileReference; lastKnownFileType = sourcecode.swift; path = AppDelegate.swift; sourceTree = "<group>"; };
		290007C61A08031400192141 /* ViewController.swift */ = {isa = PBXFileReference; lastKnownFileType = sourcecode.swift; path = ViewController.swift; sourceTree = "<group>"; };
		290007C91A08031400192141 /* Base */ = {isa = PBXFileReference; lastKnownFileType = file.storyboard; name = Base; path = Base.lproj/Main.storyboard; sourceTree = "<group>"; };
		290007CB1A08031400192141 /* Images.xcassets */ = {isa = PBXFileReference; lastKnownFileType = folder.assetcatalog; path = Images.xcassets; sourceTree = "<group>"; };
		290007CE1A08031400192141 /* Base */ = {isa = PBXFileReference; lastKnownFileType = file.xib; name = Base; path = Base.lproj/LaunchScreen.xib; sourceTree = "<group>"; };
		290007D41A08031400192141 /* CLLocationSampleTests.xctest */ = {isa = PBXFileReference; explicitFileType = wrapper.cfbundle; includeInIndex = 0; path = CLLocationSampleTests.xctest; sourceTree = BUILT_PRODUCTS_DIR; };
		290007D91A08031400192141 /* Info.plist */ = {isa = PBXFileReference; lastKnownFileType = text.plist.xml; path = Info.plist; sourceTree = "<group>"; };
		290007DA1A08031400192141 /* CLLocationSampleTests.swift */ = {isa = PBXFileReference; lastKnownFileType = sourcecode.swift; path = CLLocationSampleTests.swift; sourceTree = "<group>"; };
/* End PBXFileReference section */

/* Begin PBXFrameworksBuildPhase section */
		290007BC1A08031400192141 /* Frameworks */ = {
			isa = PBXFrameworksBuildPhase;
			buildActionMask = 2147483647;
			files = (
			);
			runOnlyForDeploymentPostprocessing = 0;
		};
		290007D11A08031400192141 /* Frameworks */ = {
			isa = PBXFrameworksBuildPhase;
			buildActionMask = 2147483647;
			files = (
			);
			runOnlyForDeploymentPostprocessing = 0;
		};
/* End PBXFrameworksBuildPhase section */

/* Begin PBXGroup section */
		290007B61A08031400192141 = {
			isa = PBXGroup;
			children = (
				290007C11A08031400192141 /* CLLocationSample */,
				290007D71A08031400192141 /* CLLocationSampleTests */,
				290007C01A08031400192141 /* Products */,
			);
			sourceTree = "<group>";
		};
		290007C01A08031400192141 /* Products */ = {
			isa = PBXGroup;
			children = (
				290007BF1A08031400192141 /* CLLocationSample.app */,
				290007D41A08031400192141 /* CLLocationSampleTests.xctest */,
			);
			name = Products;
			sourceTree = "<group>";
		};
		290007C11A08031400192141 /* CLLocationSample */ = {
			isa = PBXGroup;
			children = (
				290007C41A08031400192141 /* AppDelegate.swift */,
				290007C61A08031400192141 /* ViewController.swift */,
				290007C81A08031400192141 /* Main.storyboard */,
				290007CB1A08031400192141 /* Images.xcassets */,
				290007CD1A08031400192141 /* LaunchScreen.xib */,
				290007C21A08031400192141 /* Supporting Files */,
			);
			path = CLLocationSample;
			sourceTree = "<group>";
		};
		290007C21A08031400192141 /* Supporting Files */ = {
			isa = PBXGroup;
			children = (
				290007C31A08031400192141 /* Info.plist */,
			);
			name = "Supporting Files";
			sourceTree = "<group>";
		};
		290007D71A08031400192141 /* CLLocationSampleTests */ = {
			isa = PBXGroup;
			children = (
				290007DA1A08031400192141 /* CLLocationSampleTests.swift */,
				290007D81A08031400192141 /* Supporting Files */,
			);
			path = CLLocationSampleTests;
			sourceTree = "<group>";
		};
		290007D81A08031400192141 /* Supporting Files */ = {
			isa = PBXGroup;
			children = (
				290007D91A08031400192141 /* Info.plist */,
			);
			name = "Supporting Files";
			sourceTree = "<group>";
		};
/* End PBXGroup section */

/* Begin PBXNativeTarget section */
		290007BE1A08031400192141 /* CLLocationSample */ = {
			isa = PBXNativeTarget;
			buildConfigurationList = 290007DE1A08031400192141 /* Build configuration list for PBXNativeTarget "CLLocationSample" */;
			buildPhases = (
				290007BB1A08031400192141 /* Sources */,
				290007BC1A08031400192141 /* Frameworks */,
				290007BD1A08031400192141 /* Resources */,
			);
			buildRules = (
			);
			dependencies = (
			);
			name = CLLocationSample;
			productName = CLLocationSample;
			productReference = 290007BF1A08031400192141 /* CLLocationSample.app */;
			productType = "com.apple.product-type.application";
		};
		290007D31A08031400192141 /* CLLocationSampleTests */ = {
			isa = PBXNativeTarget;
			buildConfigurationList = 290007E11A08031400192141 /* Build configuration list for PBXNativeTarget "CLLocationSampleTests" */;
			buildPhases = (
				290007D01A08031400192141 /* Sources */,
				290007D11A08031400192141 /* Frameworks */,
				290007D21A08031400192141 /* Resources */,
			);
			buildRules = (
			);
			dependencies = (
				290007D61A08031400192141 /* PBXTargetDependency */,
			);
			name = CLLocationSampleTests;
			productName = CLLocationSampleTests;
			productReference = 290007D41A08031400192141 /* CLLocationSampleTests.xctest */;
			productType = "com.apple.product-type.bundle.unit-test";
		};
/* End PBXNativeTarget section */

/* Begin PBXProject section */
		290007B71A08031400192141 /* Project object */ = {
			isa = PBXProject;
			attributes = {
				LastUpgradeCheck = 0610;
				ORGANIZATIONNAME = "Yutaro Tanaka";
				TargetAttributes = {
					290007BE1A08031400192141 = {
						CreatedOnToolsVersion = 6.1;
						SystemCapabilities = {
							com.apple.BackgroundModes = {
								enabled = 1;
							};
						};
					};
					290007D31A08031400192141 = {
						CreatedOnToolsVersion = 6.1;
						TestTargetID = 290007BE1A08031400192141;
					};
				};
			};
			buildConfigurationList = 290007BA1A08031400192141 /* Build configuration list for PBXProject "CLLocationSample" */;
			compatibilityVersion = "Xcode 3.2";
			developmentRegion = English;
			hasScannedForEncodings = 0;
			knownRegions = (
				en,
				Base,
			);
			mainGroup = 290007B61A08031400192141;
			productRefGroup = 290007C01A08031400192141 /* Products */;
			projectDirPath = "";
			projectRoot = "";
			targets = (
				290007BE1A08031400192141 /* CLLocationSample */,
				290007D31A08031400192141 /* CLLocationSampleTests */,
			);
		};
/* End PBXProject section */

/* Begin PBXResourcesBuildPhase section */
		290007BD1A08031400192141 /* Resources */ = {
			isa = PBXResourcesBuildPhase;
			buildActionMask = 2147483647;
			files = (
				290007CA1A08031400192141 /* Main.storyboard in Resources */,
				290007CF1A08031400192141 /* LaunchScreen.xib in Resources */,
				290007CC1A08031400192141 /* Images.xcassets in Resources */,
			);
			runOnlyForDeploymentPostprocessing = 0;
		};
		290007D21A08031400192141 /* Resources */ = {
			isa = PBXResourcesBuildPhase;
			buildActionMask = 2147483647;
			files = (
			);
			runOnlyForDeploymentPostprocessing = 0;
		};
/* End PBXResourcesBuildPhase section */

/* Begin PBXSourcesBuildPhase section */
		290007BB1A08031400192141 /* Sources */ = {
			isa = PBXSourcesBuildPhase;
			buildActionMask = 2147483647;
			files = (
				290007C71A08031400192141 /* ViewController.swift in Sources */,
				290007C51A08031400192141 /* AppDelegate.swift in Sources */,
			);
			runOnlyForDeploymentPostprocessing = 0;
		};
		290007D01A08031400192141 /* Sources */ = {
			isa = PBXSourcesBuildPhase;
			buildActionMask = 2147483647;
			files = (
				290007DB1A08031400192141 /* CLLocationSampleTests.swift in Sources */,
			);
			runOnlyForDeploymentPostprocessing = 0;
		};
/* End PBXSourcesBuildPhase section */

/* Begin PBXTargetDependency section */
		290007D61A08031400192141 /* PBXTargetDependency */ = {
			isa = PBXTargetDependency;
			target = 290007BE1A08031400192141 /* CLLocationSample */;
			targetProxy = 290007D51A08031400192141 /* PBXContainerItemProxy */;
		};
/* End PBXTargetDependency section */

/* Begin PBXVariantGroup section */
		290007C81A08031400192141 /* Main.storyboard */ = {
			isa = PBXVariantGroup;
			children = (
				290007C91A08031400192141 /* Base */,
			);
			name = Main.storyboard;
			sourceTree = "<group>";
		};
		290007CD1A08031400192141 /* LaunchScreen.xib */ = {
			isa = PBXVariantGroup;
			children = (
				290007CE1A08031400192141 /* Base */,
			);
			name = LaunchScreen.xib;
			sourceTree = "<group>";
		};
/* End PBXVariantGroup section */

/* Begin XCBuildConfiguration section */
		290007DC1A08031400192141 /* Debug */ = {
			isa = XCBuildConfiguration;
			buildSettings = {
				ALWAYS_SEARCH_USER_PATHS = NO;
				CLANG_CXX_LANGUAGE_STANDARD = "gnu++0x";
				CLANG_CXX_LIBRARY = "libc++";
				CLANG_ENABLE_MODULES = YES;
				CLANG_ENABLE_OBJC_ARC = YES;
				CLANG_WARN_BOOL_CONVERSION = YES;
				CLANG_WARN_CONSTANT_CONVERSION = YES;
				CLANG_WARN_DIRECT_OBJC_ISA_USAGE = YES_ERROR;
				CLANG_WARN_EMPTY_BODY = YES;
				CLANG_WARN_ENUM_CONVERSION = YES;
				CLANG_WARN_INT_CONVERSION = YES;
				CLANG_WARN_OBJC_ROOT_CLASS = YES_ERROR;
				CLANG_WARN_UNREACHABLE_CODE = YES;
				CLANG_WARN__DUPLICATE_METHOD_MATCH = YES;
				"CODE_SIGN_IDENTITY[sdk=iphoneos*]" = "iPhone Developer";
				COPY_PHASE_STRIP = NO;
				ENABLE_STRICT_OBJC_MSGSEND = YES;
				GCC_C_LANGUAGE_STANDARD = gnu99;
				GCC_DYNAMIC_NO_PIC = NO;
				GCC_OPTIMIZATION_LEVEL = 0;
				GCC_PREPROCESSOR_DEFINITIONS = (
					"DEBUG=1",
					"$(inherited)",
				);
				GCC_SYMBOLS_PRIVATE_EXTERN = NO;
				GCC_WARN_64_TO_32_BIT_CONVERSION = YES;
				GCC_WARN_ABOUT_RETURN_TYPE = YES_ERROR;
				GCC_WARN_UNDECLARED_SELECTOR = YES;
				GCC_WARN_UNINITIALIZED_AUTOS = YES_AGGRESSIVE;
				GCC_WARN_UNUSED_FUNCTION = YES;
				GCC_WARN_UNUSED_VARIABLE = YES;
				IPHONEOS_DEPLOYMENT_TARGET = 8.1;
				MTL_ENABLE_DEBUG_INFO = YES;
				ONLY_ACTIVE_ARCH = YES;
				SDKROOT = iphoneos;
				SWIFT_OPTIMIZATION_LEVEL = "-Onone";
			};
			name = Debug;
		};
		290007DD1A08031400192141 /* Release */ = {
			isa = XCBuildConfiguration;
			buildSettings = {
				ALWAYS_SEARCH_USER_PATHS = NO;
				CLANG_CXX_LANGUAGE_STANDARD = "gnu++0x";
				CLANG_CXX_LIBRARY = "libc++";
				CLANG_ENABLE_MODULES = YES;
				CLANG_ENABLE_OBJC_ARC = YES;
				CLANG_WARN_BOOL_CONVERSION = YES;
				CLANG_WARN_CONSTANT_CONVERSION = YES;
				CLANG_WARN_DIRECT_OBJC_ISA_USAGE = YES_ERROR;
				CLANG_WARN_EMPTY_BODY = YES;
				CLANG_WARN_ENUM_CONVERSION = YES;
				CLANG_WARN_INT_CONVERSION = YES;
				CLANG_WARN_OBJC_ROOT_CLASS = YES_ERROR;
				CLANG_WARN_UNREACHABLE_CODE = YES;
				CLANG_WARN__DUPLICATE_METHOD_MATCH = YES;
				"CODE_SIGN_IDENTITY[sdk=iphoneos*]" = "iPhone Developer";
				COPY_PHASE_STRIP = YES;
				ENABLE_NS_ASSERTIONS = NO;
				ENABLE_STRICT_OBJC_MSGSEND = YES;
				GCC_C_LANGUAGE_STANDARD = gnu99;
				GCC_WARN_64_TO_32_BIT_CONVERSION = YES;
				GCC_WARN_ABOUT_RETURN_TYPE = YES_ERROR;
				GCC_WARN_UNDECLARED_SELECTOR = YES;
				GCC_WARN_UNINITIALIZED_AUTOS = YES_AGGRESSIVE;
				GCC_WARN_UNUSED_FUNCTION = YES;
				GCC_WARN_UNUSED_VARIABLE = YES;
				IPHONEOS_DEPLOYMENT_TARGET = 8.1;
				MTL_ENABLE_DEBUG_INFO = NO;
				SDKROOT = iphoneos;
				VALIDATE_PRODUCT = YES;
			};
			name = Release;
		};
		290007DF1A08031400192141 /* Debug */ = {
			isa = XCBuildConfiguration;
			buildSettings = {
				ASSETCATALOG_COMPILER_APPICON_NAME = AppIcon;
				INFOPLIST_FILE = CLLocationSample/Info.plist;
				LD_RUNPATH_SEARCH_PATHS = "$(inherited) @executable_path/Frameworks";
				PRODUCT_NAME = "$(TARGET_NAME)";
			};
			name = Debug;
		};
		290007E01A08031400192141 /* Release */ = {
			isa = XCBuildConfiguration;
			buildSettings = {
				ASSETCATALOG_COMPILER_APPICON_NAME = AppIcon;
				INFOPLIST_FILE = CLLocationSample/Info.plist;
				LD_RUNPATH_SEARCH_PATHS = "$(inherited) @executable_path/Frameworks";
				PRODUCT_NAME = "$(TARGET_NAME)";
			};
			name = Release;
		};
		290007E21A08031400192141 /* Debug */ = {
			isa = XCBuildConfiguration;
			buildSettings = {
				BUNDLE_LOADER = "$(TEST_HOST)";
				FRAMEWORK_SEARCH_PATHS = (
					"$(SDKROOT)/Developer/Library/Frameworks",
					"$(inherited)",
				);
				GCC_PREPROCESSOR_DEFINITIONS = (
					"DEBUG=1",
					"$(inherited)",
				);
				INFOPLIST_FILE = CLLocationSampleTests/Info.plist;
				LD_RUNPATH_SEARCH_PATHS = "$(inherited) @executable_path/Frameworks @loader_path/Frameworks";
				PRODUCT_NAME = "$(TARGET_NAME)";
				TEST_HOST = "$(BUILT_PRODUCTS_DIR)/CLLocationSample.app/CLLocationSample";
			};
			name = Debug;
		};
		290007E31A08031400192141 /* Release */ = {
			isa = XCBuildConfiguration;
			buildSettings = {
				BUNDLE_LOADER = "$(TEST_HOST)";
				FRAMEWORK_SEARCH_PATHS = (
					"$(SDKROOT)/Developer/Library/Frameworks",
					"$(inherited)",
				);
				INFOPLIST_FILE = CLLocationSampleTests/Info.plist;
				LD_RUNPATH_SEARCH_PATHS = "$(inherited) @executable_path/Frameworks @loader_path/Frameworks";
				PRODUCT_NAME = "$(TARGET_NAME)";
				TEST_HOST = "$(BUILT_PRODUCTS_DIR)/CLLocationSample.app/CLLocationSample";
			};
			name = Release;
		};
/* End XCBuildConfiguration section */

/* Begin XCConfigurationList section */
		290007BA1A08031400192141 /* Build configuration list for PBXProject "CLLocationSample" */ = {
			isa = XCConfigurationList;
			buildConfigurations = (
				290007DC1A08031400192141 /* Debug */,
				290007DD1A08031400192141 /* Release */,
			);
			defaultConfigurationIsVisible = 0;
			defaultConfigurationName = Release;
		};
		290007DE1A08031400192141 /* Build configuration list for PBXNativeTarget "CLLocationSample" */ = {
			isa = XCConfigurationList;
			buildConfigurations = (
				290007DF1A08031400192141 /* Debug */,
				290007E01A08031400192141 /* Release */,
			);
			defaultConfigurationIsVisible = 0;
			defaultConfigurationName = Release;
		};
		290007E11A08031400192141 /* Build configuration list for PBXNativeTarget "CLLocationSampleTests" */ = {
			isa = XCConfigurationList;
			buildConfigurations = (
				290007E21A08031400192141 /* Debug */,
				290007E31A08031400192141 /* Release */,
			);
			defaultConfigurationIsVisible = 0;
			defaultConfigurationName = Release;
		};
/* End XCConfigurationList section */
	};
	rootObject = 290007B71A08031400192141 /* Project object */;
}
